<?xml version="1.0" encoding="utf-8"?>
<Project ToolsVersion="4.0" xmlns="http://schemas.microsoft.com/developer/msbuild/2003">
  <ItemGroup>
    <Filter Include="Include">
      <UniqueIdentifier>{90088993-259d-4246-859c-2158954317a1}</UniqueIdentifier>
    </Filter>
    <Filter Include="Include\Figures">
      <UniqueIdentifier>{b72ca73d-b458-4569-ac77-3b58c45d84f8}</UniqueIdentifier>
    </Filter>
    <Filter Include="Include\Math">
      <UniqueIdentifier>{4d2d36a9-ecd5-4125-a3d2-dc2169ac282d}</UniqueIdentifier>
    </Filter>
    <Filter Include="Include\Platform">
      <UniqueIdentifier>{bd14b4d8-c94a-4d5d-a0cc-ded6b802be87}</UniqueIdentifier>
    </Filter>
    <Filter Include="Source">
      <UniqueIdentifier>{0732dfd9-cc60-497f-ae4a-658508c4c9ae}</UniqueIdentifier>
    </Filter>
    <Filter Include="Include\Prerequisites">
      <UniqueIdentifier>{cc24430a-cee6-4981-ae31-7fbc53a96d78}</UniqueIdentifier>
    </Filter>
    <Filter Include="Source\Math">
      <UniqueIdentifier>{efb45da2-cd6d-467f-92e1-f62c4e6eb9d0}</UniqueIdentifier>
    </Filter>
    <Filter Include="Source\Figures">
      <UniqueIdentifier>{07a8b8cf-0816-4e5c-bbbb-0fbce2bfb418}</UniqueIdentifier>
    </Filter>
    <Filter Include="Include\Util">
      <UniqueIdentifier>{a206cb56-d428-403f-b49d-0b977ec60b3f}</UniqueIdentifier>
    </Filter>
    <Filter Include="Source\Util">
      <UniqueIdentifier>{ac9bc1ba-ca3c-4e40-b291-6a3434caf8dc}</UniqueIdentifier>
    </Filter>
  </ItemGroup>
  <ItemGroup>
    <ClInclude Include="Include\shBoxAAB.h">
      <Filter>Include\Figures</Filter>
    </ClInclude>
    <ClInclude Include="Include\shBoxOBB.h">
      <Filter>Include\Figures</Filter>
    </ClInclude>
    <ClInclude Include="Include\shCapsule.h">
      <Filter>Include\Figures</Filter>
    </ClInclude>
    <ClInclude Include="Include\shPlane.h">
      <Filter>Include\Figures</Filter>
    </ClInclude>
    <ClInclude Include="Include\shRect.h">
      <Filter>Include\Figures</Filter>
    </ClInclude>
    <ClInclude Include="Include\shSphere.h">
      <Filter>Include\Figures</Filter>
    </ClInclude>
    <ClInclude Include="Include\shPrerequisitesUtilities.h">
      <Filter>Include\Prerequisites</Filter>
    </ClInclude>
    <ClInclude Include="Include\shStdHeaders.h">
      <Filter>Include\Prerequisites</Filter>
    </ClInclude>
    <ClInclude Include="Include\shMath.h">
      <Filter>Include\Math</Filter>
    </ClInclude>
    <ClInclude Include="Include\shMatrix4.h">
      <Filter>Include\Math</Filter>
    </ClInclude>
    <ClInclude Include="Include\shPlatformMath.h">
      <Filter>Include\Math</Filter>
    </ClInclude>
    <ClInclude Include="Include\shQuaternion.h">
      <Filter>Include\Math</Filter>
    </ClInclude>
    <ClInclude Include="Include\shVector2.h">
      <Filter>Include\Math</Filter>
    </ClInclude>
    <ClInclude Include="Include\shVector2i.h">
      <Filter>Include\Math</Filter>
    </ClInclude>
    <ClInclude Include="Include\shVector3.h">
      <Filter>Include\Math</Filter>
    </ClInclude>
    <ClInclude Include="Include\shVector4.h">
      <Filter>Include\Math</Filter>
    </ClInclude>
    <ClInclude Include="Include\shPlatformDefines.h">
      <Filter>Include\Platform</Filter>
    </ClInclude>
    <ClInclude Include="Include\shPlatformTypes.h">
      <Filter>Include\Platform</Filter>
    </ClInclude>
    <ClInclude Include="Include\shModule.h">
      <Filter>Include\Util</Filter>
    </ClInclude>
    <ClInclude Include="Include\shException.h">
      <Filter>Include\Util</Filter>
    </ClInclude>
    <ClInclude Include="include\shColor.h">
      <Filter>Include\Util</Filter>
    </ClInclude>
    <ClInclude Include="include\shLinearColor.h">
      <Filter>Include\Util</Filter>
    </ClInclude>
    <ClInclude Include="include\shPath.h">
      <Filter>Include\Util</Filter>
    </ClInclude>
    <ClInclude Include="include\shRadian.h">
      <Filter>Include\Math</Filter>
    </ClInclude>
    <ClInclude Include="include\shDegree.h">
      <Filter>Include\Math</Filter>
    </ClInclude>
  </ItemGroup>
  <ItemGroup>
    <ClCompile Include="Source\shBoxOBB.cpp">
      <Filter>Source\Figures</Filter>
    </ClCompile>
    <ClCompile Include="Source\shCapsule.cpp">
      <Filter>Source\Figures</Filter>
    </ClCompile>
    <ClCompile Include="Source\shPlane.cpp">
      <Filter>Source\Figures</Filter>
    </ClCompile>
    <ClCompile Include="Source\shRect.cpp">
      <Filter>Source\Figures</Filter>
    </ClCompile>
    <ClCompile Include="Source\shSphere.cpp">
      <Filter>Source\Figures</Filter>
    </ClCompile>
    <ClCompile Include="Source\shBoxAAB.cpp">
      <Filter>Source\Figures</Filter>
    </ClCompile>
    <ClCompile Include="Source\shMatrix4.cpp">
      <Filter>Source\Math</Filter>
    </ClCompile>
    <ClCompile Include="Source\shPlatformMath.cpp">
      <Filter>Source\Math</Filter>
    </ClCompile>
    <ClCompile Include="Source\shQuaternion.cpp">
      <Filter>Source\Math</Filter>
    </ClCompile>
    <ClCompile Include="Source\shVector2.cpp">
      <Filter>Source\Math</Filter>
    </ClCompile>
    <ClCompile Include="Source\shVector2i.cpp">
      <Filter>Source\Math</Filter>
    </ClCompile>
    <ClCompile Include="Source\shVector3.cpp">
      <Filter>Source\Math</Filter>
    </ClCompile>
    <ClCompile Include="Source\shVector4.cpp">
      <Filter>Source\Math</Filter>
    </ClCompile>
    <ClCompile Include="source\shColor.cpp">
      <Filter>Source\Util</Filter>
    </ClCompile>
    <ClCompile Include="source\shLinearColor.cpp">
      <Filter>Source\Util</Filter>
    </ClCompile>
    <ClCompile Include="source\shPath.cpp">
      <Filter>Source\Util</Filter>
    </ClCompile>
    <ClCompile Include="source\shRadian.cpp">
      <Filter>Source\Math</Filter>
    </ClCompile>
    <ClCompile Include="source\shDegree.cpp">
      <Filter>Source\Math</Filter>
    </ClCompile>
  </ItemGroup>
</Project>