<?xml version="1.0" encoding="utf-8"?>
<Project ToolsVersion="4.0" xmlns="http://schemas.microsoft.com/developer/msbuild/2003">
  <ItemGroup>
    <Filter Include="Source Files">
      <UniqueIdentifier>{4FC737F1-C7A5-4376-A066-2A32D752A2FF}</UniqueIdentifier>
      <Extensions>cpp;c;cc;cxx;c++;cppm;ixx;def;odl;idl;hpj;bat;asm;asmx</Extensions>
    </Filter>
    <Filter Include="Header Files">
      <UniqueIdentifier>{93995380-89BD-4b04-88EB-625FBE52EBFB}</UniqueIdentifier>
      <Extensions>h;hh;hpp;hxx;h++;hm;inl;inc;ipp;xsd</Extensions>
    </Filter>
    <Filter Include="Resource Files">
      <UniqueIdentifier>{67DA6AB6-F800-4c08-8B7A-83BB121AAD01}</UniqueIdentifier>
      <Extensions>rc;ico;cur;bmp;dlg;rc2;rct;bin;rgs;gif;jpg;jpeg;jpe;resx;tiff;tif;png;wav;mfcribbon-ms</Extensions>
    </Filter>
    <Filter Include="Header Files\Prerequisites">
      <UniqueIdentifier>{55978910-79c4-4274-aad0-1f9509633c54}</UniqueIdentifier>
    </Filter>
    <Filter Include="Source Files\Screen">
      <UniqueIdentifier>{e25744a8-2137-480a-9d25-6806ecadfd66}</UniqueIdentifier>
    </Filter>
    <Filter Include="Header Files\Screen">
      <UniqueIdentifier>{bbab4d92-d027-4e2c-9292-9a4e0c9da7d3}</UniqueIdentifier>
    </Filter>
    <Filter Include="Header Files\Event">
      <UniqueIdentifier>{10fab7aa-d531-4b43-a364-1c1e5cfff492}</UniqueIdentifier>
    </Filter>
    <Filter Include="Source Files\Event">
      <UniqueIdentifier>{cc5a8eb1-4e7a-4099-b7ac-28fdf336b250}</UniqueIdentifier>
    </Filter>
    <Filter Include="Header Files\GraphicsManager">
      <UniqueIdentifier>{2c90ddcb-9c23-49b2-96ba-454948ddc75e}</UniqueIdentifier>
    </Filter>
    <Filter Include="Source Files\GraphicsManager">
      <UniqueIdentifier>{5b932fb4-4ca9-4366-9b52-9b3eb7843eab}</UniqueIdentifier>
    </Filter>
    <Filter Include="Header Files\Camera">
      <UniqueIdentifier>{98ca6e45-4a35-4f92-adc6-ae699bfcee75}</UniqueIdentifier>
    </Filter>
    <Filter Include="Source Files\Camera">
      <UniqueIdentifier>{aa20071a-e72c-4649-b5e2-d758fad97f1d}</UniqueIdentifier>
    </Filter>
    <Filter Include="Header Files\Resource">
      <UniqueIdentifier>{384cc310-59aa-46a0-b140-53148c0ca430}</UniqueIdentifier>
    </Filter>
    <Filter Include="Source Files\Resource">
      <UniqueIdentifier>{064a7fef-7aa8-42ac-acbe-7fbcf553ffde}</UniqueIdentifier>
    </Filter>
    <Filter Include="Header Files\Component">
      <UniqueIdentifier>{ae031afd-74c4-42f5-ba46-3ba4e0af9e3b}</UniqueIdentifier>
    </Filter>
    <Filter Include="Header Files\BaseApp">
      <UniqueIdentifier>{f1692d74-ee97-41b6-8bc5-91d349936abd}</UniqueIdentifier>
    </Filter>
    <Filter Include="Header Files\Material">
      <UniqueIdentifier>{eb39515a-66d7-4d9d-be7c-de74a981d1dc}</UniqueIdentifier>
    </Filter>
    <Filter Include="Header Files\SceneGraph">
      <UniqueIdentifier>{eaf513bb-0d0a-4cc4-bf83-edfdfd1a5ace}</UniqueIdentifier>
    </Filter>
    <Filter Include="Source Files\BaseApp">
      <UniqueIdentifier>{bfb6ab30-6b9e-4200-b55a-11ab110ba342}</UniqueIdentifier>
    </Filter>
    <Filter Include="Header Files\Shaders">
      <UniqueIdentifier>{e7b86f0d-938a-485b-ac2b-455d156e951c}</UniqueIdentifier>
    </Filter>
    <Filter Include="Header Files\GameObject">
      <UniqueIdentifier>{8161df41-6f23-4be5-b84f-b5d63bc8934b}</UniqueIdentifier>
    </Filter>
    <Filter Include="Header Files\DynamicLibrary">
      <UniqueIdentifier>{506c6fa7-7466-4652-90d9-d2264d2c2155}</UniqueIdentifier>
    </Filter>
    <Filter Include="Source Files\DynamicLibrary">
      <UniqueIdentifier>{a34ece26-2fe8-4315-af41-5b61c88b6510}</UniqueIdentifier>
    </Filter>
    <Filter Include="Source Files\Component">
      <UniqueIdentifier>{43ca1792-1d41-4be6-a233-1ff4ecff9e70}</UniqueIdentifier>
    </Filter>
    <Filter Include="Source Files\SceneGraph">
      <UniqueIdentifier>{8a28dd9a-f521-4e7a-97e1-7e17de4b10d6}</UniqueIdentifier>
    </Filter>
    <Filter Include="Header Files\Light">
      <UniqueIdentifier>{b1ede7fa-9ecf-40ca-a0fd-b1459c6b8f78}</UniqueIdentifier>
    </Filter>
    <Filter Include="Header Files\Renderer">
      <UniqueIdentifier>{e5e03b66-1e8c-4bcf-a69c-0279555046b0}</UniqueIdentifier>
    </Filter>
    <Filter Include="Source Files\Renderer">
      <UniqueIdentifier>{de3bcec0-66c0-4a24-8af2-a764c101b623}</UniqueIdentifier>
    </Filter>
    <Filter Include="Source Files\GameObject">
      <UniqueIdentifier>{996cbf49-57ab-4a7c-90c1-cd8223301621}</UniqueIdentifier>
    </Filter>
    <Filter Include="Header Files\AudioManager">
      <UniqueIdentifier>{870315f6-8860-4d7e-9520-8b820c0f1afc}</UniqueIdentifier>
    </Filter>
    <Filter Include="Source Files\AudioManager">
      <UniqueIdentifier>{f8b2dabd-fedc-4dc9-be86-043fb52481f5}</UniqueIdentifier>
    </Filter>
    <Filter Include="Header Files\OpenCL">
      <UniqueIdentifier>{7156f66f-cee5-4f74-8c8e-5b69fe215ab8}</UniqueIdentifier>
    </Filter>
    <Filter Include="Source Files\OpenCL">
      <UniqueIdentifier>{7da05ee0-8833-47e3-8e76-93cfd3ec0500}</UniqueIdentifier>
    </Filter>
  </ItemGroup>
  <ItemGroup>
    <ClInclude Include="Include\shPrerequisitesCore.h">
      <Filter>Header Files\Prerequisites</Filter>
    </ClInclude>
    <ClInclude Include="Include\shScreen.h">
      <Filter>Header Files\Screen</Filter>
    </ClInclude>
    <ClInclude Include="Include\shScreenEventHandle.h">
      <Filter>Header Files\Event</Filter>
    </ClInclude>
    <ClInclude Include="Include\shEventData.h">
      <Filter>Header Files\Event</Filter>
    </ClInclude>
    <ClInclude Include="include\shEventEnums.h">
      <Filter>Header Files\Event</Filter>
    </ClInclude>
    <ClInclude Include="include\shGraphicsManager.h">
      <Filter>Header Files\GraphicsManager</Filter>
    </ClInclude>
    <ClInclude Include="include\shTexture.h">
      <Filter>Header Files\GraphicsManager</Filter>
    </ClInclude>
    <ClInclude Include="include\shBuffers.h">
      <Filter>Header Files\GraphicsManager</Filter>
    </ClInclude>
    <ClInclude Include="include\shInputLayout.h">
      <Filter>Header Files\GraphicsManager</Filter>
    </ClInclude>
    <ClInclude Include="include\shSamplerState.h">
      <Filter>Header Files\GraphicsManager</Filter>
    </ClInclude>
    <ClInclude Include="include\shShader.h">
      <Filter>Header Files\GraphicsManager</Filter>
    </ClInclude>
    <ClInclude Include="include\shGraphicTypes.h">
      <Filter>Header Files\GraphicsManager</Filter>
    </ClInclude>
    <ClInclude Include="include\shEvent.h">
      <Filter>Header Files\Event</Filter>
    </ClInclude>
    <ClInclude Include="include\shCamera.h">
      <Filter>Header Files\Camera</Filter>
    </ClInclude>
    <ClInclude Include="include\shResourceManager.h">
      <Filter>Header Files\Resource</Filter>
    </ClInclude>
    <ClInclude Include="include\shMeshResource.h">
      <Filter>Header Files\Resource</Filter>
    </ClInclude>
    <ClInclude Include="include\shComponent.h">
      <Filter>Header Files\Component</Filter>
    </ClInclude>
    <ClInclude Include="include\shMeshComponent.h">
      <Filter>Header Files\Component</Filter>
    </ClInclude>
    <ClInclude Include="include\shBaseApp.h">
      <Filter>Header Files\BaseApp</Filter>
    </ClInclude>
    <ClInclude Include="include\shMaterial.h">
      <Filter>Header Files\Material</Filter>
    </ClInclude>
    <ClInclude Include="include\shImageResource.h">
      <Filter>Header Files\Resource</Filter>
    </ClInclude>
    <ClInclude Include="include\shResource.h">
      <Filter>Header Files\Resource</Filter>
    </ClInclude>
    <ClInclude Include="include\shSceneGraph.h">
      <Filter>Header Files\SceneGraph</Filter>
    </ClInclude>
    <ClInclude Include="include\shGameObject.h">
      <Filter>Header Files\GameObject</Filter>
    </ClInclude>
    <ClInclude Include="include\shDynamicLibrary.h">
      <Filter>Header Files\DynamicLibrary</Filter>
    </ClInclude>
    <ClInclude Include="include\shTransformComponent.h">
      <Filter>Header Files\Component</Filter>
    </ClInclude>
    <ClInclude Include="include\shSkeletonResource.h">
      <Filter>Header Files\Resource</Filter>
    </ClInclude>
    <ClInclude Include="include\shAnimationResource.h">
      <Filter>Header Files\Resource</Filter>
    </ClInclude>
    <ClInclude Include="include\shAnimatorComponent.h">
      <Filter>Header Files\Component</Filter>
    </ClInclude>
    <ClInclude Include="include\shBlendState.h">
      <Filter>Header Files\GraphicsManager</Filter>
    </ClInclude>
    <ClInclude Include="include\shRasterizerState.h">
      <Filter>Header Files\GraphicsManager</Filter>
    </ClInclude>
    <ClInclude Include="include\shDepthStencilState.h">
      <Filter>Header Files\GraphicsManager</Filter>
    </ClInclude>
    <ClInclude Include="include\shFrustum.h">
      <Filter>Header Files\Camera</Filter>
    </ClInclude>
    <ClInclude Include="include\shRenderManager.h">
      <Filter>Header Files\Renderer</Filter>
    </ClInclude>
    <ClInclude Include="include\shPass.h">
      <Filter>Header Files\Renderer</Filter>
    </ClInclude>
    <ClInclude Include="include\shLight.h">
      <Filter>Header Files\Light</Filter>
    </ClInclude>
    <ClInclude Include="include\shAsset.h">
      <Filter>Header Files\Resource</Filter>
    </ClInclude>
    <ClInclude Include="include\shAudioManager.h">
      <Filter>Header Files\AudioManager</Filter>
    </ClInclude>
    <ClInclude Include="include\shSound.h">
      <Filter>Header Files\AudioManager</Filter>
    </ClInclude>
    <ClInclude Include="include\shChannel.h">
      <Filter>Header Files\AudioManager</Filter>
    </ClInclude>
    <ClInclude Include="include\shChannelGroup.h">
      <Filter>Header Files\AudioManager</Filter>
    </ClInclude>
    <ClInclude Include="include\shAudioTypes.h">
      <Filter>Header Files\AudioManager</Filter>
    </ClInclude>
    <ClInclude Include="include\shSkyBoxComponent.h">
      <Filter>Header Files\Component</Filter>
    </ClInclude>
    <ClInclude Include="include\shOCLManager.h">
      <Filter>Header Files\OpenCL</Filter>
    </ClInclude>
    <ClInclude Include="include\shRigidbodyComponent.h">
      <Filter>Header Files\Component</Filter>
    </ClInclude>
    <ClInclude Include="include\shColliderComponent.h">
      <Filter>Header Files\Component</Filter>
    </ClInclude>
    <ClInclude Include="include\shGizmos.h">
      <Filter>Header Files\Renderer</Filter>
    </ClInclude>
    <ClInclude Include="include\shCubeMap.h">
      <Filter>Header Files\Resource</Filter>
    </ClInclude>
  </ItemGroup>
  <ItemGroup>
    <ClCompile Include="Source\shScreenWin32.cpp">
      <Filter>Source Files\Screen</Filter>
    </ClCompile>
    <ClCompile Include="Source\shScreenEventHandleWin32.cpp">
      <Filter>Source Files\Event</Filter>
    </ClCompile>
    <ClCompile Include="source\shGraphicsManager.cpp">
      <Filter>Source Files\GraphicsManager</Filter>
    </ClCompile>
    <ClCompile Include="source\shEvent.cpp">
      <Filter>Source Files\Event</Filter>
    </ClCompile>
    <ClCompile Include="source\shCamera.cpp">
      <Filter>Source Files\Camera</Filter>
    </ClCompile>
    <ClCompile Include="source\shResourceManager.cpp">
      <Filter>Source Files\Resource</Filter>
    </ClCompile>
    <ClCompile Include="source\shBaseApp.cpp">
      <Filter>Source Files\BaseApp</Filter>
    </ClCompile>
    <ClCompile Include="source\shDynamicLibrary.cpp">
      <Filter>Source Files\DynamicLibrary</Filter>
    </ClCompile>
    <ClCompile Include="source\shTransformComponent.cpp">
      <Filter>Source Files\Component</Filter>
    </ClCompile>
    <ClCompile Include="source\shSceneGraph.cpp">
      <Filter>Source Files\SceneGraph</Filter>
    </ClCompile>
    <ClCompile Include="source\shMeshComponent.cpp">
      <Filter>Source Files\Component</Filter>
    </ClCompile>
    <ClCompile Include="source\shAnimatorComponent.cpp">
      <Filter>Source Files\Component</Filter>
    </ClCompile>
    <ClCompile Include="source\shFrustum.cpp">
      <Filter>Source Files\Camera</Filter>
    </ClCompile>
    <ClCompile Include="source\shPass.cpp">
      <Filter>Source Files\Renderer</Filter>
    </ClCompile>
    <ClCompile Include="source\shRenderManager.cpp">
      <Filter>Source Files\Renderer</Filter>
    </ClCompile>
    <ClCompile Include="source\shGameObject.cpp">
      <Filter>Source Files\GameObject</Filter>
    </ClCompile>
    <ClCompile Include="source\shAsset.cpp">
      <Filter>Source Files\Resource</Filter>
    </ClCompile>
    <ClCompile Include="source\shAudioManager.cpp">
      <Filter>Source Files\AudioManager</Filter>
    </ClCompile>
    <ClCompile Include="source\shSkyBoxComponent.cpp">
      <Filter>Source Files\Component</Filter>
    </ClCompile>
    <ClCompile Include="source\shOCLManager.cpp">
      <Filter>Source Files\OpenCL</Filter>
    </ClCompile>
    <ClCompile Include="source\shRigidbodyComponent.cpp">
      <Filter>Source Files\Component</Filter>
    </ClCompile>
    <ClCompile Include="source\shGizmos.cpp">
      <Filter>Source Files\Renderer</Filter>
    </ClCompile>
    <ClCompile Include="source\shCubeMap.cpp">
      <Filter>Source Files\Resource</Filter>
    </ClCompile>
  </ItemGroup>
</Project>